// !$*UTF8*$!
{
	archiveVersion = 1;
	classes = {
	};
	objectVersion = 48;
	objects = {

/* Begin PBXBuildFile section */
		BDFC76EA20A51162004F6E31 /* AppDelegate.swift in Sources */ = {isa = PBXBuildFile; fileRef = BDFC76E920A51162004F6E31 /* AppDelegate.swift */; };
		BDFC76EC20A51162004F6E31 /* ViewController.swift in Sources */ = {isa = PBXBuildFile; fileRef = BDFC76EB20A51162004F6E31 /* ViewController.swift */; };
		BDFC76EF20A51162004F6E31 /* Main.storyboard in Resources */ = {isa = PBXBuildFile; fileRef = BDFC76ED20A51162004F6E31 /* Main.storyboard */; };
		BDFC76F120A51162004F6E31 /* Assets.xcassets in Resources */ = {isa = PBXBuildFile; fileRef = BDFC76F020A51162004F6E31 /* Assets.xcassets */; };
		BDFC76F420A51162004F6E31 /* LaunchScreen.storyboard in Resources */ = {isa = PBXBuildFile; fileRef = BDFC76F220A51162004F6E31 /* LaunchScreen.storyboard */; };
		BDFC76FF20A51162004F6E31 /* OpenWeatherTests.swift in Sources */ = {isa = PBXBuildFile; fileRef = BDFC76FE20A51162004F6E31 /* OpenWeatherTests.swift */; };
		BDFC770A20A51163004F6E31 /* OpenWeatherUITests.swift in Sources */ = {isa = PBXBuildFile; fileRef = BDFC770920A51163004F6E31 /* OpenWeatherUITests.swift */; };
		BDFC771820A511F7004F6E31 /* LocationUtils.swift in Sources */ = {isa = PBXBuildFile; fileRef = BDFC771720A511F7004F6E31 /* LocationUtils.swift */; };
		BDFC771A20A51226004F6E31 /* OpenWeatherAPIUtils.swift in Sources */ = {isa = PBXBuildFile; fileRef = BDFC771920A51226004F6E31 /* OpenWeatherAPIUtils.swift */; };
		BDFC771D20A52061004F6E31 /* Keys.swift in Sources */ = {isa = PBXBuildFile; fileRef = BDFC771C20A52061004F6E31 /* Keys.swift */; };
/* End PBXBuildFile section */

/* Begin PBXContainerItemProxy section */
		BDFC76FB20A51162004F6E31 /* PBXContainerItemProxy */ = {
			isa = PBXContainerItemProxy;
			containerPortal = BDFC76DE20A51162004F6E31 /* Project object */;
			proxyType = 1;
			remoteGlobalIDString = BDFC76E520A51162004F6E31;
			remoteInfo = OpenWeather;
		};
		BDFC770620A51163004F6E31 /* PBXContainerItemProxy */ = {
			isa = PBXContainerItemProxy;
			containerPortal = BDFC76DE20A51162004F6E31 /* Project object */;
			proxyType = 1;
			remoteGlobalIDString = BDFC76E520A51162004F6E31;
			remoteInfo = OpenWeather;
		};
/* End PBXContainerItemProxy section */

/* Begin PBXFileReference section */
		BDFC76E620A51162004F6E31 /* OpenWeather.app */ = {isa = PBXFileReference; explicitFileType = wrapper.application; includeInIndex = 0; path = OpenWeather.app; sourceTree = BUILT_PRODUCTS_DIR; };
		BDFC76E920A51162004F6E31 /* AppDelegate.swift */ = {isa = PBXFileReference; lastKnownFileType = sourcecode.swift; path = AppDelegate.swift; sourceTree = "<group>"; };
		BDFC76EB20A51162004F6E31 /* ViewController.swift */ = {isa = PBXFileReference; lastKnownFileType = sourcecode.swift; path = ViewController.swift; sourceTree = "<group>"; };
		BDFC76EE20A51162004F6E31 /* Base */ = {isa = PBXFileReference; lastKnownFileType = file.storyboard; name = Base; path = Base.lproj/Main.storyboard; sourceTree = "<group>"; };
		BDFC76F020A51162004F6E31 /* Assets.xcassets */ = {isa = PBXFileReference; lastKnownFileType = folder.assetcatalog; path = Assets.xcassets; sourceTree = "<group>"; };
		BDFC76F320A51162004F6E31 /* Base */ = {isa = PBXFileReference; lastKnownFileType = file.storyboard; name = Base; path = Base.lproj/LaunchScreen.storyboard; sourceTree = "<group>"; };
		BDFC76F520A51162004F6E31 /* Info.plist */ = {isa = PBXFileReference; lastKnownFileType = text.plist.xml; path = Info.plist; sourceTree = "<group>"; };
		BDFC76FA20A51162004F6E31 /* OpenWeatherTests.xctest */ = {isa = PBXFileReference; explicitFileType = wrapper.cfbundle; includeInIndex = 0; path = OpenWeatherTests.xctest; sourceTree = BUILT_PRODUCTS_DIR; };
		BDFC76FE20A51162004F6E31 /* OpenWeatherTests.swift */ = {isa = PBXFileReference; lastKnownFileType = sourcecode.swift; path = OpenWeatherTests.swift; sourceTree = "<group>"; };
		BDFC770020A51162004F6E31 /* Info.plist */ = {isa = PBXFileReference; lastKnownFileType = text.plist.xml; path = Info.plist; sourceTree = "<group>"; };
		BDFC770520A51163004F6E31 /* OpenWeatherUITests.xctest */ = {isa = PBXFileReference; explicitFileType = wrapper.cfbundle; includeInIndex = 0; path = OpenWeatherUITests.xctest; sourceTree = BUILT_PRODUCTS_DIR; };
		BDFC770920A51163004F6E31 /* OpenWeatherUITests.swift */ = {isa = PBXFileReference; lastKnownFileType = sourcecode.swift; path = OpenWeatherUITests.swift; sourceTree = "<group>"; };
		BDFC770B20A51163004F6E31 /* Info.plist */ = {isa = PBXFileReference; lastKnownFileType = text.plist.xml; path = Info.plist; sourceTree = "<group>"; };
		BDFC771720A511F7004F6E31 /* LocationUtils.swift */ = {isa = PBXFileReference; lastKnownFileType = sourcecode.swift; path = LocationUtils.swift; sourceTree = "<group>"; };
		BDFC771920A51226004F6E31 /* OpenWeatherAPIUtils.swift */ = {isa = PBXFileReference; lastKnownFileType = sourcecode.swift; path = OpenWeatherAPIUtils.swift; sourceTree = "<group>"; };
		BDFC771C20A52061004F6E31 /* Keys.swift */ = {isa = PBXFileReference; lastKnownFileType = sourcecode.swift; path = Keys.swift; sourceTree = "<group>"; };
/* End PBXFileReference section */

/* Begin PBXFrameworksBuildPhase section */
		BDFC76E320A51162004F6E31 /* Frameworks */ = {
			isa = PBXFrameworksBuildPhase;
			buildActionMask = 2147483647;
			files = (
			);
			runOnlyForDeploymentPostprocessing = 0;
		};
		BDFC76F720A51162004F6E31 /* Frameworks */ = {
			isa = PBXFrameworksBuildPhase;
			buildActionMask = 2147483647;
			files = (
			);
			runOnlyForDeploymentPostprocessing = 0;
		};
		BDFC770220A51163004F6E31 /* Frameworks */ = {
			isa = PBXFrameworksBuildPhase;
			buildActionMask = 2147483647;
			files = (
			);
			runOnlyForDeploymentPostprocessing = 0;
		};
/* End PBXFrameworksBuildPhase section */

/* Begin PBXGroup section */
		BDFC76DD20A51162004F6E31 = {
			isa = PBXGroup;
			children = (
				BDFC76E820A51162004F6E31 /* OpenWeather */,
				BDFC76FD20A51162004F6E31 /* OpenWeatherTests */,
				BDFC770820A51163004F6E31 /* OpenWeatherUITests */,
				BDFC76E720A51162004F6E31 /* Products */,
			);
			sourceTree = "<group>";
		};
		BDFC76E720A51162004F6E31 /* Products */ = {
			isa = PBXGroup;
			children = (
				BDFC76E620A51162004F6E31 /* OpenWeather.app */,
				BDFC76FA20A51162004F6E31 /* OpenWeatherTests.xctest */,
				BDFC770520A51163004F6E31 /* OpenWeatherUITests.xctest */,
			);
			name = Products;
			sourceTree = "<group>";
		};
		BDFC76E820A51162004F6E31 /* OpenWeather */ = {
			isa = PBXGroup;
			children = (
				BDFC771B20A51237004F6E31 /* Utils */,
				BDFC76E920A51162004F6E31 /* AppDelegate.swift */,
				BDFC76EB20A51162004F6E31 /* ViewController.swift */,
				BDFC76ED20A51162004F6E31 /* Main.storyboard */,
				BDFC76F020A51162004F6E31 /* Assets.xcassets */,
				BDFC76F220A51162004F6E31 /* LaunchScreen.storyboard */,
				BDFC76F520A51162004F6E31 /* Info.plist */,
				BDFC771C20A52061004F6E31 /* Keys.swift */,
			);
			path = OpenWeather;
			sourceTree = "<group>";
		};
		BDFC76FD20A51162004F6E31 /* OpenWeatherTests */ = {
			isa = PBXGroup;
			children = (
				BDFC76FE20A51162004F6E31 /* OpenWeatherTests.swift */,
				BDFC770020A51162004F6E31 /* Info.plist */,
			);
			path = OpenWeatherTests;
			sourceTree = "<group>";
		};
		BDFC770820A51163004F6E31 /* OpenWeatherUITests */ = {
			isa = PBXGroup;
			children = (
				BDFC770920A51163004F6E31 /* OpenWeatherUITests.swift */,
				BDFC770B20A51163004F6E31 /* Info.plist */,
			);
			path = OpenWeatherUITests;
			sourceTree = "<group>";
		};
		BDFC771B20A51237004F6E31 /* Utils */ = {
			isa = PBXGroup;
			children = (
				BDFC771720A511F7004F6E31 /* LocationUtils.swift */,
				BDFC771920A51226004F6E31 /* OpenWeatherAPIUtils.swift */,
			);
			path = Utils;
			sourceTree = "<group>";
		};
/* End PBXGroup section */

/* Begin PBXNativeTarget section */
		BDFC76E520A51162004F6E31 /* OpenWeather */ = {
			isa = PBXNativeTarget;
			buildConfigurationList = BDFC770E20A51163004F6E31 /* Build configuration list for PBXNativeTarget "OpenWeather" */;
			buildPhases = (
				BDFC76E220A51162004F6E31 /* Sources */,
				BDFC76E320A51162004F6E31 /* Frameworks */,
				BDFC76E420A51162004F6E31 /* Resources */,
			);
			buildRules = (
			);
			dependencies = (
			);
			name = OpenWeather;
			productName = OpenWeather;
			productReference = BDFC76E620A51162004F6E31 /* OpenWeather.app */;
			productType = "com.apple.product-type.application";
		};
		BDFC76F920A51162004F6E31 /* OpenWeatherTests */ = {
			isa = PBXNativeTarget;
			buildConfigurationList = BDFC771120A51163004F6E31 /* Build configuration list for PBXNativeTarget "OpenWeatherTests" */;
			buildPhases = (
				BDFC76F620A51162004F6E31 /* Sources */,
				BDFC76F720A51162004F6E31 /* Frameworks */,
				BDFC76F820A51162004F6E31 /* Resources */,
			);
			buildRules = (
			);
			dependencies = (
				BDFC76FC20A51162004F6E31 /* PBXTargetDependency */,
			);
			name = OpenWeatherTests;
			productName = OpenWeatherTests;
			productReference = BDFC76FA20A51162004F6E31 /* OpenWeatherTests.xctest */;
			productType = "com.apple.product-type.bundle.unit-test";
		};
		BDFC770420A51163004F6E31 /* OpenWeatherUITests */ = {
			isa = PBXNativeTarget;
			buildConfigurationList = BDFC771420A51163004F6E31 /* Build configuration list for PBXNativeTarget "OpenWeatherUITests" */;
			buildPhases = (
				BDFC770120A51163004F6E31 /* Sources */,
				BDFC770220A51163004F6E31 /* Frameworks */,
				BDFC770320A51163004F6E31 /* Resources */,
			);
			buildRules = (
			);
			dependencies = (
				BDFC770720A51163004F6E31 /* PBXTargetDependency */,
			);
			name = OpenWeatherUITests;
			productName = OpenWeatherUITests;
			productReference = BDFC770520A51163004F6E31 /* OpenWeatherUITests.xctest */;
			productType = "com.apple.product-type.bundle.ui-testing";
		};
/* End PBXNativeTarget section */

/* Begin PBXProject section */
		BDFC76DE20A51162004F6E31 /* Project object */ = {
			isa = PBXProject;
			attributes = {
				LastSwiftUpdateCheck = 0920;
				LastUpgradeCheck = 0920;
				ORGANIZATIONNAME = "Johnathan Saunders";
				TargetAttributes = {
					BDFC76E520A51162004F6E31 = {
						CreatedOnToolsVersion = 9.2;
						ProvisioningStyle = Automatic;
					};
					BDFC76F920A51162004F6E31 = {
						CreatedOnToolsVersion = 9.2;
						ProvisioningStyle = Automatic;
						TestTargetID = BDFC76E520A51162004F6E31;
					};
					BDFC770420A51163004F6E31 = {
						CreatedOnToolsVersion = 9.2;
						ProvisioningStyle = Automatic;
						TestTargetID = BDFC76E520A51162004F6E31;
					};
				};
			};
			buildConfigurationList = BDFC76E120A51162004F6E31 /* Build configuration list for PBXProject "OpenWeather" */;
			compatibilityVersion = "Xcode 8.0";
			developmentRegion = en;
			hasScannedForEncodings = 0;
			knownRegions = (
				en,
				Base,
			);
			mainGroup = BDFC76DD20A51162004F6E31;
			productRefGroup = BDFC76E720A51162004F6E31 /* Products */;
			projectDirPath = "";
			projectRoot = "";
			targets = (
				BDFC76E520A51162004F6E31 /* OpenWeather */,
				BDFC76F920A51162004F6E31 /* OpenWeatherTests */,
				BDFC770420A51163004F6E31 /* OpenWeatherUITests */,
			);
		};
/* End PBXProject section */

/* Begin PBXResourcesBuildPhase section */
		BDFC76E420A51162004F6E31 /* Resources */ = {
			isa = PBXResourcesBuildPhase;
			buildActionMask = 2147483647;
			files = (
				BDFC76F420A51162004F6E31 /* LaunchScreen.storyboard in Resources */,
				BDFC76F120A51162004F6E31 /* Assets.xcassets in Resources */,
				BDFC76EF20A51162004F6E31 /* Main.storyboard in Resources */,
			);
			runOnlyForDeploymentPostprocessing = 0;
		};
		BDFC76F820A51162004F6E31 /* Resources */ = {
			isa = PBXResourcesBuildPhase;
			buildActionMask = 2147483647;
			files = (
			);
			runOnlyForDeploymentPostprocessing = 0;
		};
		BDFC770320A51163004F6E31 /* Resources */ = {
			isa = PBXResourcesBuildPhase;
			buildActionMask = 2147483647;
			files = (
			);
			runOnlyForDeploymentPostprocessing = 0;
		};
/* End PBXResourcesBuildPhase section */

/* Begin PBXSourcesBuildPhase section */
		BDFC76E220A51162004F6E31 /* Sources */ = {
			isa = PBXSourcesBuildPhase;
			buildActionMask = 2147483647;
			files = (
				BDFC771820A511F7004F6E31 /* LocationUtils.swift in Sources */,
				BDFC771A20A51226004F6E31 /* OpenWeatherAPIUtils.swift in Sources */,
				BDFC76EC20A51162004F6E31 /* ViewController.swift in Sources */,
				BDFC76EA20A51162004F6E31 /* AppDelegate.swift in Sources */,
				BDFC771D20A52061004F6E31 /* Keys.swift in Sources */,
			);
			runOnlyForDeploymentPostprocessing = 0;
		};
		BDFC76F620A51162004F6E31 /* Sources */ = {
			isa = PBXSourcesBuildPhase;
			buildActionMask = 2147483647;
			files = (
				BDFC76FF20A51162004F6E31 /* OpenWeatherTests.swift in Sources */,
			);
			runOnlyForDeploymentPostprocessing = 0;
		};
		BDFC770120A51163004F6E31 /* Sources */ = {
			isa = PBXSourcesBuildPhase;
			buildActionMask = 2147483647;
			files = (
				BDFC770A20A51163004F6E31 /* OpenWeatherUITests.swift in Sources */,
			);
			runOnlyForDeploymentPostprocessing = 0;
		};
/* End PBXSourcesBuildPhase section */

/* Begin PBXTargetDependency section */
		BDFC76FC20A51162004F6E31 /* PBXTargetDependency */ = {
			isa = PBXTargetDependency;
			target = BDFC76E520A51162004F6E31 /* OpenWeather */;
			targetProxy = BDFC76FB20A51162004F6E31 /* PBXContainerItemProxy */;
		};
		BDFC770720A51163004F6E31 /* PBXTargetDependency */ = {
			isa = PBXTargetDependency;
			target = BDFC76E520A51162004F6E31 /* OpenWeather */;
			targetProxy = BDFC770620A51163004F6E31 /* PBXContainerItemProxy */;
		};
/* End PBXTargetDependency section */

/* Begin PBXVariantGroup section */
		BDFC76ED20A51162004F6E31 /* Main.storyboard */ = {
			isa = PBXVariantGroup;
			children = (
				BDFC76EE20A51162004F6E31 /* Base */,
			);
			name = Main.storyboard;
			sourceTree = "<group>";
		};
		BDFC76F220A51162004F6E31 /* LaunchScreen.storyboard */ = {
			isa = PBXVariantGroup;
			children = (
				BDFC76F320A51162004F6E31 /* Base */,
			);
			name = LaunchScreen.storyboard;
			sourceTree = "<group>";
		};
/* End PBXVariantGroup section */

/* Begin XCBuildConfiguration section */
		BDFC770C20A51163004F6E31 /* Debug */ = {
			isa = XCBuildConfiguration;
			buildSettings = {
				ALWAYS_SEARCH_USER_PATHS = NO;
				CLANG_ANALYZER_NONNULL = YES;
				CLANG_ANALYZER_NUMBER_OBJECT_CONVERSION = YES_AGGRESSIVE;
				CLANG_CXX_LANGUAGE_STANDARD = "gnu++14";
				CLANG_CXX_LIBRARY = "libc++";
				CLANG_ENABLE_MODULES = YES;
				CLANG_ENABLE_OBJC_ARC = YES;
				CLANG_WARN_BLOCK_CAPTURE_AUTORELEASING = YES;
				CLANG_WARN_BOOL_CONVERSION = YES;
				CLANG_WARN_COMMA = YES;
				CLANG_WARN_CONSTANT_CONVERSION = YES;
				CLANG_WARN_DIRECT_OBJC_ISA_USAGE = YES_ERROR;
				CLANG_WARN_DOCUMENTATION_COMMENTS = YES;
				CLANG_WARN_EMPTY_BODY = YES;
				CLANG_WARN_ENUM_CONVERSION = YES;
				CLANG_WARN_INFINITE_RECURSION = YES;
				CLANG_WARN_INT_CONVERSION = YES;
				CLANG_WARN_NON_LITERAL_NULL_CONVERSION = YES;
				CLANG_WARN_OBJC_LITERAL_CONVERSION = YES;
				CLANG_WARN_OBJC_ROOT_CLASS = YES_ERROR;
				CLANG_WARN_RANGE_LOOP_ANALYSIS = YES;
				CLANG_WARN_STRICT_PROTOTYPES = YES;
				CLANG_WARN_SUSPICIOUS_MOVE = YES;
				CLANG_WARN_UNGUARDED_AVAILABILITY = YES_AGGRESSIVE;
				CLANG_WARN_UNREACHABLE_CODE = YES;
				CLANG_WARN__DUPLICATE_METHOD_MATCH = YES;
				CODE_SIGN_IDENTITY = "iPhone Developer";
				COPY_PHASE_STRIP = NO;
				DEBUG_INFORMATION_FORMAT = dwarf;
				ENABLE_STRICT_OBJC_MSGSEND = YES;
				ENABLE_TESTABILITY = YES;
				GCC_C_LANGUAGE_STANDARD = gnu11;
				GCC_DYNAMIC_NO_PIC = NO;
				GCC_NO_COMMON_BLOCKS = YES;
				GCC_OPTIMIZATION_LEVEL = 0;
				GCC_PREPROCESSOR_DEFINITIONS = (
					"DEBUG=1",
					"$(inherited)",
				);
				GCC_WARN_64_TO_32_BIT_CONVERSION = YES;
				GCC_WARN_ABOUT_RETURN_TYPE = YES_ERROR;
				GCC_WARN_UNDECLARED_SELECTOR = YES;
				GCC_WARN_UNINITIALIZED_AUTOS = YES_AGGRESSIVE;
				GCC_WARN_UNUSED_FUNCTION = YES;
				GCC_WARN_UNUSED_VARIABLE = YES;
				IPHONEOS_DEPLOYMENT_TARGET = 11.2;
				MTL_ENABLE_DEBUG_INFO = YES;
				ONLY_ACTIVE_ARCH = YES;
				SDKROOT = iphoneos;
				SWIFT_ACTIVE_COMPILATION_CONDITIONS = DEBUG;
				SWIFT_OPTIMIZATION_LEVEL = "-Onone";
			};
			name = Debug;
		};
		BDFC770D20A51163004F6E31 /* Release */ = {
			isa = XCBuildConfiguration;
			buildSettings = {
				ALWAYS_SEARCH_USER_PATHS = NO;
				CLANG_ANALYZER_NONNULL = YES;
				CLANG_ANALYZER_NUMBER_OBJECT_CONVERSION = YES_AGGRESSIVE;
				CLANG_CXX_LANGUAGE_STANDARD = "gnu++14";
				CLANG_CXX_LIBRARY = "libc++";
				CLANG_ENABLE_MODULES = YES;
				CLANG_ENABLE_OBJC_ARC = YES;
				CLANG_WARN_BLOCK_CAPTURE_AUTORELEASING = YES;
				CLANG_WARN_BOOL_CONVERSION = YES;
				CLANG_WARN_COMMA = YES;
				CLANG_WARN_CONSTANT_CONVERSION = YES;
				CLANG_WARN_DIRECT_OBJC_ISA_USAGE = YES_ERROR;
				CLANG_WARN_DOCUMENTATION_COMMENTS = YES;
				CLANG_WARN_EMPTY_BODY = YES;
				CLANG_WARN_ENUM_CONVERSION = YES;
				CLANG_WARN_INFINITE_RECURSION = YES;
				CLANG_WARN_INT_CONVERSION = YES;
				CLANG_WARN_NON_LITERAL_NULL_CONVERSION = YES;
				CLANG_WARN_OBJC_LITERAL_CONVERSION = YES;
				CLANG_WARN_OBJC_ROOT_CLASS = YES_ERROR;
				CLANG_WARN_RANGE_LOOP_ANALYSIS = YES;
				CLANG_WARN_STRICT_PROTOTYPES = YES;
				CLANG_WARN_SUSPICIOUS_MOVE = YES;
				CLANG_WARN_UNGUARDED_AVAILABILITY = YES_AGGRESSIVE;
				CLANG_WARN_UNREACHABLE_CODE = YES;
				CLANG_WARN__DUPLICATE_METHOD_MATCH = YES;
				CODE_SIGN_IDENTITY = "iPhone Developer";
				COPY_PHASE_STRIP = NO;
				DEBUG_INFORMATION_FORMAT = "dwarf-with-dsym";
				ENABLE_NS_ASSERTIONS = NO;
				ENABLE_STRICT_OBJC_MSGSEND = YES;
				GCC_C_LANGUAGE_STANDARD = gnu11;
				GCC_NO_COMMON_BLOCKS = YES;
				GCC_WARN_64_TO_32_BIT_CONVERSION = YES;
				GCC_WARN_ABOUT_RETURN_TYPE = YES_ERROR;
				GCC_WARN_UNDECLARED_SELECTOR = YES;
				GCC_WARN_UNINITIALIZED_AUTOS = YES_AGGRESSIVE;
				GCC_WARN_UNUSED_FUNCTION = YES;
				GCC_WARN_UNUSED_VARIABLE = YES;
				IPHONEOS_DEPLOYMENT_TARGET = 11.2;
				MTL_ENABLE_DEBUG_INFO = NO;
				SDKROOT = iphoneos;
				SWIFT_OPTIMIZATION_LEVEL = "-Owholemodule";
				VALIDATE_PRODUCT = YES;
			};
			name = Release;
		};
		BDFC770F20A51163004F6E31 /* Debug */ = {
			isa = XCBuildConfiguration;
			buildSettings = {
				ASSETCATALOG_COMPILER_APPICON_NAME = AppIcon;
				CODE_SIGN_STYLE = Automatic;
				DEVELOPMENT_TEAM = AQMDNGRP82;
				INFOPLIST_FILE = OpenWeather/Info.plist;
				LD_RUNPATH_SEARCH_PATHS = "$(inherited) @executable_path/Frameworks";
				PRODUCT_BUNDLE_IDENTIFIER = com.johnathansaunders.OpenWeather;
				PRODUCT_NAME = "$(TARGET_NAME)";
				SWIFT_VERSION = 4.0;
				TARGETED_DEVICE_FAMILY = "1,2";
			};
			name = Debug;
		};
		BDFC771020A51163004F6E31 /* Release */ = {
			isa = XCBuildConfiguration;
			buildSettings = {
				ASSETCATALOG_COMPILER_APPICON_NAME = AppIcon;
				CODE_SIGN_STYLE = Automatic;
				DEVELOPMENT_TEAM = AQMDNGRP82;
				INFOPLIST_FILE = OpenWeather/Info.plist;
				LD_RUNPATH_SEARCH_PATHS = "$(inherited) @executable_path/Frameworks";
				PRODUCT_BUNDLE_IDENTIFIER = com.johnathansaunders.OpenWeather;
				PRODUCT_NAME = "$(TARGET_NAME)";
				SWIFT_VERSION = 4.0;
				TARGETED_DEVICE_FAMILY = "1,2";
			};
			name = Release;
		};
		BDFC771220A51163004F6E31 /* Debug */ = {
			isa = XCBuildConfiguration;
			buildSettings = {
				ALWAYS_EMBED_SWIFT_STANDARD_LIBRARIES = YES;
				BUNDLE_LOADER = "$(TEST_HOST)";
				CODE_SIGN_STYLE = Automatic;
				DEVELOPMENT_TEAM = AQMDNGRP82;
				INFOPLIST_FILE = OpenWeatherTests/Info.plist;
				LD_RUNPATH_SEARCH_PATHS = "$(inherited) @executable_path/Frameworks @loader_path/Frameworks";
				PRODUCT_BUNDLE_IDENTIFIER = com.johnathansaunders.OpenWeatherTests;
				PRODUCT_NAME = "$(TARGET_NAME)";
				SWIFT_VERSION = 4.0;
				TARGETED_DEVICE_FAMILY = "1,2";
				TEST_HOST = "$(BUILT_PRODUCTS_DIR)/OpenWeather.app/OpenWeather";
			};
			name = Debug;
		};
		BDFC771320A51163004F6E31 /* Release */ = {
			isa = XCBuildConfiguration;
			buildSettings = {
				ALWAYS_EMBED_SWIFT_STANDARD_LIBRARIES = YES;
				BUNDLE_LOADER = "$(TEST_HOST)";
				CODE_SIGN_STYLE = Automatic;
				DEVELOPMENT_TEAM = AQMDNGRP82;
				INFOPLIST_FILE = OpenWeatherTests/Info.plist;
				LD_RUNPATH_SEARCH_PATHS = "$(inherited) @executable_path/Frameworks @loader_path/Frameworks";
				PRODUCT_BUNDLE_IDENTIFIER = com.johnathansaunders.OpenWeatherTests;
				PRODUCT_NAME = "$(TARGET_NAME)";
				SWIFT_VERSION = 4.0;
				TARGETED_DEVICE_FAMILY = "1,2";
				TEST_HOST = "$(BUILT_PRODUCTS_DIR)/OpenWeather.app/OpenWeather";
			};
			name = Release;
		};
		BDFC771520A51163004F6E31 /* Debug */ = {
			isa = XCBuildConfiguration;
			buildSettings = {
				ALWAYS_EMBED_SWIFT_STANDARD_LIBRARIES = YES;
				CODE_SIGN_STYLE = Automatic;
				DEVELOPMENT_TEAM = AQMDNGRP82;
				INFOPLIST_FILE = OpenWeatherUITests/Info.plist;
				LD_RUNPATH_SEARCH_PATHS = "$(inherited) @executable_path/Frameworks @loader_path/Frameworks";
				PRODUCT_BUNDLE_IDENTIFIER = com.johnathansaunders.OpenWeatherUITests;
				PRODUCT_NAME = "$(TARGET_NAME)";
				SWIFT_VERSION = 4.0;
				TARGETED_DEVICE_FAMILY = "1,2";
				TEST_TARGET_NAME = OpenWeather;
			};
			name = Debug;
		};
		BDFC771620A51163004F6E31 /* Release */ = {
			isa = XCBuildConfiguration;
			buildSettings = {
				ALWAYS_EMBED_SWIFT_STANDARD_LIBRARIES = YES;
				CODE_SIGN_STYLE = Automatic;
				DEVELOPMENT_TEAM = AQMDNGRP82;
				INFOPLIST_FILE = OpenWeatherUITests/Info.plist;
				LD_RUNPATH_SEARCH_PATHS = "$(inherited) @executable_path/Frameworks @loader_path/Frameworks";
				PRODUCT_BUNDLE_IDENTIFIER = com.johnathansaunders.OpenWeatherUITests;
				PRODUCT_NAME = "$(TARGET_NAME)";
				SWIFT_VERSION = 4.0;
				TARGETED_DEVICE_FAMILY = "1,2";
				TEST_TARGET_NAME = OpenWeather;
			};
			name = Release;
		};
/* End XCBuildConfiguration section */

/* Begin XCConfigurationList section */
		BDFC76E120A51162004F6E31 /* Build configuration list for PBXProject "OpenWeather" */ = {
			isa = XCConfigurationList;
			buildConfigurations = (
				BDFC770C20A51163004F6E31 /* Debug */,
				BDFC770D20A51163004F6E31 /* Release */,
			);
			defaultConfigurationIsVisible = 0;
			defaultConfigurationName = Release;
		};
		BDFC770E20A51163004F6E31 /* Build configuration list for PBXNativeTarget "OpenWeather" */ = {
			isa = XCConfigurationList;
			buildConfigurations = (
				BDFC770F20A51163004F6E31 /* Debug */,
				BDFC771020A51163004F6E31 /* Release */,
			);
			defaultConfigurationIsVisible = 0;
			defaultConfigurationName = Release;
		};
		BDFC771120A51163004F6E31 /* Build configuration list for PBXNativeTarget "OpenWeatherTests" */ = {
			isa = XCConfigurationList;
			buildConfigurations = (
				BDFC771220A51163004F6E31 /* Debug */,
				BDFC771320A51163004F6E31 /* Release */,
			);
			defaultConfigurationIsVisible = 0;
			defaultConfigurationName = Release;
		};
		BDFC771420A51163004F6E31 /* Build configuration list for PBXNativeTarget "OpenWeatherUITests" */ = {
			isa = XCConfigurationList;
			buildConfigurations = (
				BDFC771520A51163004F6E31 /* Debug */,
				BDFC771620A51163004F6E31 /* Release */,
			);
			defaultConfigurationIsVisible = 0;
			defaultConfigurationName = Release;
		};
/* End XCConfigurationList section */
	};
	rootObject = BDFC76DE20A51162004F6E31 /* Project object */;
}
